
Microsoft Visual Studio Solution File, Format Version 12.00
# Visual Studio 15
VisualStudioVersion = 15.0.28010.2048
MinimumVisualStudioVersion = 10.0.40219.1
Project("{FAE04EC0-301F-11D3-BF4B-00C04F79EFBC}") = "FibonacciSequence", "FibonacciSequence\FibonacciSequence.csproj", "{23DB079E-006F-4417-9928-888B71B51123}"
EndProject
Global
	GlobalSection(SolutionConfigurationPlatforms) = preSolution
		Debug|Any CPU = Debug|Any CPU
		Release|Any CPU = Release|Any CPU
	EndGlobalSection
	GlobalSection(ProjectConfigurationPlatforms) = postSolution
		{23DB079E-006F-4417-9928-888B71B51123}.Debug|Any CPU.ActiveCfg = Debug|Any CPU
		{23DB079E-006F-4417-9928-888B71B51123}.Debug|Any CPU.Build.0 = Debug|Any CPU
		{23DB079E-006F-4417-9928-888B71B51123}.Release|Any CPU.ActiveCfg = Release|Any CPU
		{23DB079E-006F-4417-9928-888B71B51123}.Release|Any CPU.Build.0 = Release|Any CPU
	EndGlobalSection
	GlobalSection(SolutionProperties) = preSolution
		HideSolutionNode = FALSE
	EndGlobalSection
	GlobalSection(ExtensibilityGlobals) = postSolution
		SolutionGuid = {301618D9-8861-4314-BD1B-1325B4CFF937}
	EndGlobalSection
EndGlobal
